
Microsoft Visual Studio Solution File, Format Version 12.00
# Visual Studio Version 16
VisualStudioVersion = 16.0.29306.81
MinimumVisualStudioVersion = 10.0.40219.1
Project("{FAE04EC0-301F-11D3-BF4B-00C04F79EFBC}") = "MASGLOBAL", "MASGLOBAL\MASGLOBAL.csproj", "{99210F80-DA2F-489B-ABAA-3E7CACB31F1D}"
EndProject
Global
	GlobalSection(SolutionConfigurationPlatforms) = preSolution
		Debug|Any CPU = Debug|Any CPU
		Release|Any CPU = Release|Any CPU
	EndGlobalSection
	GlobalSection(ProjectConfigurationPlatforms) = postSolution
		{99210F80-DA2F-489B-ABAA-3E7CACB31F1D}.Debug|Any CPU.ActiveCfg = Debug|Any CPU
		{99210F80-DA2F-489B-ABAA-3E7CACB31F1D}.Debug|Any CPU.Build.0 = Debug|Any CPU
		{99210F80-DA2F-489B-ABAA-3E7CACB31F1D}.Release|Any CPU.ActiveCfg = Release|Any CPU
		{99210F80-DA2F-489B-ABAA-3E7CACB31F1D}.Release|Any CPU.Build.0 = Release|Any CPU
	EndGlobalSection
	GlobalSection(SolutionProperties) = preSolution
		HideSolutionNode = FALSE
	EndGlobalSection
	GlobalSection(ExtensibilityGlobals) = postSolution
		SolutionGuid = {724781E6-E02D-4B38-B5E7-CD5BEA5987EB}
	EndGlobalSection
EndGlobal
